
Microsoft Visual Studio Solution File, Format Version 12.00
# Visual Studio Version 16
VisualStudioVersion = 16.0.29306.81
MinimumVisualStudioVersion = 10.0.40219.1
Project("{9A19103F-16F7-4668-BE54-9A1E7A4F7556}") = "DaysOff", "DaysOff\DaysOff.csproj", "{CE4A618D-A306-4348-92AF-97FE8D848FD7}"
EndProject
Global
	GlobalSection(SolutionConfigurationPlatforms) = preSolution
		Debug|Any CPU = Debug|Any CPU
		Release|Any CPU = Release|Any CPU
	EndGlobalSection
	GlobalSection(ProjectConfigurationPlatforms) = postSolution
		{CE4A618D-A306-4348-92AF-97FE8D848FD7}.Debug|Any CPU.ActiveCfg = Debug|Any CPU
		{CE4A618D-A306-4348-92AF-97FE8D848FD7}.Debug|Any CPU.Build.0 = Debug|Any CPU
		{CE4A618D-A306-4348-92AF-97FE8D848FD7}.Release|Any CPU.ActiveCfg = Release|Any CPU
		{CE4A618D-A306-4348-92AF-97FE8D848FD7}.Release|Any CPU.Build.0 = Release|Any CPU
	EndGlobalSection
	GlobalSection(SolutionProperties) = preSolution
		HideSolutionNode = FALSE
	EndGlobalSection
	GlobalSection(ExtensibilityGlobals) = postSolution
		SolutionGuid = {F98211CA-057C-4F8A-9EEA-277FC1865544}
	EndGlobalSection
EndGlobal
